
Microsoft Visual Studio Solution File, Format Version 12.00
# Visual Studio 14
VisualStudioVersion = 14.0.25123.0
MinimumVisualStudioVersion = 10.0.40219.1
Project("{3B89D7DC-FDE2-4DC1-B587-FE669878962A}") = "Sitecore.Support.11671", "Sitecore.Support.11671\Sitecore.Support.11671.csproj", "{62DBB070-61F6-418F-B297-07004FEAA280}"
EndProject
Global
	GlobalSection(SolutionConfigurationPlatforms) = preSolution
		Debug|Any CPU = Debug|Any CPU
		Release|Any CPU = Release|Any CPU
	EndGlobalSection
	GlobalSection(ProjectConfigurationPlatforms) = postSolution
		{62DBB070-61F6-418F-B297-07004FEAA280}.Debug|Any CPU.ActiveCfg = Debug|Any CPU
		{62DBB070-61F6-418F-B297-07004FEAA280}.Debug|Any CPU.Build.0 = Debug|Any CPU
		{62DBB070-61F6-418F-B297-07004FEAA280}.Release|Any CPU.ActiveCfg = Release|Any CPU
		{62DBB070-61F6-418F-B297-07004FEAA280}.Release|Any CPU.Build.0 = Release|Any CPU
	EndGlobalSection
	GlobalSection(SolutionProperties) = preSolution
		HideSolutionNode = FALSE
	EndGlobalSection
EndGlobal
